<?xml version="1.0" encoding="utf-8"?>
<Project ToolsVersion="4.0" xmlns="http://schemas.microsoft.com/developer/msbuild/2003">
  <ItemGroup>
    <Filter Include="Source Files">
      <UniqueIdentifier>{4FC737F1-C7A5-4376-A066-2A32D752A2FF}</UniqueIdentifier>
      <Extensions>cpp;c;cc;cxx;c++;cppm;ixx;def;odl;idl;hpj;bat;asm;asmx</Extensions>
    </Filter>
  </ItemGroup>
  <ItemGroup>
    <ClCompile Include="..\src\console.c">
      <Filter>Source Files</Filter>
    </ClCompile>
    <ClCompile Include="..\src\error.c">
      <Filter>Source Files</Filter>
    </ClCompile>
    <ClCompile Include="..\src\expressions.c">
      <Filter>Source Files</Filter>
    </ClCompile>
    <ClCompile Include="..\src\fs.c">
      <Filter>Source Files</Filter>
    </ClCompile>
    <ClCompile Include="..\src\hashmap.c">
      <Filter>Source Files</Filter>
    </ClCompile>
    <ClCompile Include="..\src\main.c">
      <Filter>Source Files</Filter>
    </ClCompile>
    <ClCompile Include="..\src\options.c">
      <Filter>Source Files</Filter>
    </ClCompile>
    <ClCompile Include="..\src\osstream.c">
      <Filter>Source Files</Filter>
    </ClCompile>
    <ClCompile Include="..\src\parser.c">
      <Filter>Source Files</Filter>
    </ClCompile>
    <ClCompile Include="..\src\pre_expressions.c">
      <Filter>Source Files</Filter>
    </ClCompile>
    <ClCompile Include="..\src\token.c">
      <Filter>Source Files</Filter>
    </ClCompile>
    <ClCompile Include="..\src\tokenizer.c">
      <Filter>Source Files</Filter>
    </ClCompile>
    <ClCompile Include="..\src\type.c">
      <Filter>Source Files</Filter>
    </ClCompile>
    <ClCompile Include="..\src\object.c">
      <Filter>Source Files</Filter>
    </ClCompile>
    <ClCompile Include="..\src\visit_il.c">
      <Filter>Source Files</Filter>
    </ClCompile>
    <ClCompile Include="..\src\visit_defer.c">
      <Filter>Source Files</Filter>
    </ClCompile>
    <ClCompile Include="..\src\flow.c">
      <Filter>Source Files</Filter>
    </ClCompile>
    <ClCompile Include="..\src\target.c">
      <Filter>Source Files</Filter>
    </ClCompile>
    <ClCompile Include="..\src\compile.c">
      <Filter>Source Files</Filter>
    </ClCompile>
  </ItemGroup>
  <ItemGroup>
    <ClInclude Include="..\src\console.h">
      <Filter>Source Files</Filter>
    </ClInclude>
    <ClInclude Include="..\src\error.h">
      <Filter>Source Files</Filter>
    </ClInclude>
    <ClInclude Include="..\src\expressions.h">
      <Filter>Source Files</Filter>
    </ClInclude>
    <ClInclude Include="..\src\fs.h">
      <Filter>Source Files</Filter>
    </ClInclude>
    <ClInclude Include="..\src\hashmap.h">
      <Filter>Source Files</Filter>
    </ClInclude>
    <ClInclude Include="..\src\options.h">
      <Filter>Source Files</Filter>
    </ClInclude>
    <ClInclude Include="..\src\osstream.h">
      <Filter>Source Files</Filter>
    </ClInclude>
    <ClInclude Include="..\src\parser.h">
      <Filter>Source Files</Filter>
    </ClInclude>
    <ClInclude Include="..\src\pre_expressions.h">
      <Filter>Source Files</Filter>
    </ClInclude>
    <ClInclude Include="..\src\token.h">
      <Filter>Source Files</Filter>
    </ClInclude>
    <ClInclude Include="..\src\tokenizer.h">
      <Filter>Source Files</Filter>
    </ClInclude>
    <ClInclude Include="..\src\type.h">
      <Filter>Source Files</Filter>
    </ClInclude>
    <ClInclude Include="..\src\version.h">
      <Filter>Source Files</Filter>
    </ClInclude>
    <ClInclude Include="..\src\object.h">
      <Filter>Source Files</Filter>
    </ClInclude>
    <ClInclude Include="..\src\visit_il.h">
      <Filter>Source Files</Filter>
    </ClInclude>
    <ClInclude Include="..\src\visit_defer.h">
      <Filter>Source Files</Filter>
    </ClInclude>
    <ClInclude Include="..\src\flow.h">
      <Filter>Source Files</Filter>
    </ClInclude>
    <ClInclude Include="..\src\target.h">
      <Filter>Source Files</Filter>
    </ClInclude>
    <ClInclude Include="..\src\compile.h">
      <Filter>Source Files</Filter>
    </ClInclude>
  </ItemGroup>
</Project>